
Microsoft Visual Studio Solution File, Format Version 12.00
# Visual Studio Version 16
VisualStudioVersion = 16.0.30309.148
MinimumVisualStudioVersion = 10.0.40219.1
Project("{9A19103F-16F7-4668-BE54-9A1E7A4F7556}") = "Covid.Server", "Covid.Server\Covid.Server.csproj", "{2EB36900-0986-4501-9A81-71BDE46A9371}"
EndProject
Project("{9A19103F-16F7-4668-BE54-9A1E7A4F7556}") = "Covid.Shared", "Covid.Shared\Covid.Shared.csproj", "{B90560A4-86C2-41A9-A569-9F499455C7CB}"
EndProject
Project("{9A19103F-16F7-4668-BE54-9A1E7A4F7556}") = "Covid.Client", "Covid.Client\Covid.Client.csproj", "{727A0E42-0634-4EE6-A617-D8B958EBA09B}"
EndProject
Global
	GlobalSection(SolutionConfigurationPlatforms) = preSolution
		Debug|Any CPU = Debug|Any CPU
		Release|Any CPU = Release|Any CPU
	EndGlobalSection
	GlobalSection(ProjectConfigurationPlatforms) = postSolution
		{2EB36900-0986-4501-9A81-71BDE46A9371}.Debug|Any CPU.ActiveCfg = Debug|Any CPU
		{2EB36900-0986-4501-9A81-71BDE46A9371}.Debug|Any CPU.Build.0 = Debug|Any CPU
		{2EB36900-0986-4501-9A81-71BDE46A9371}.Release|Any CPU.ActiveCfg = Release|Any CPU
		{2EB36900-0986-4501-9A81-71BDE46A9371}.Release|Any CPU.Build.0 = Release|Any CPU
		{B90560A4-86C2-41A9-A569-9F499455C7CB}.Debug|Any CPU.ActiveCfg = Debug|Any CPU
		{B90560A4-86C2-41A9-A569-9F499455C7CB}.Debug|Any CPU.Build.0 = Debug|Any CPU
		{B90560A4-86C2-41A9-A569-9F499455C7CB}.Release|Any CPU.ActiveCfg = Release|Any CPU
		{B90560A4-86C2-41A9-A569-9F499455C7CB}.Release|Any CPU.Build.0 = Release|Any CPU
		{727A0E42-0634-4EE6-A617-D8B958EBA09B}.Debug|Any CPU.ActiveCfg = Debug|Any CPU
		{727A0E42-0634-4EE6-A617-D8B958EBA09B}.Debug|Any CPU.Build.0 = Debug|Any CPU
		{727A0E42-0634-4EE6-A617-D8B958EBA09B}.Release|Any CPU.ActiveCfg = Release|Any CPU
		{727A0E42-0634-4EE6-A617-D8B958EBA09B}.Release|Any CPU.Build.0 = Release|Any CPU
	EndGlobalSection
	GlobalSection(SolutionProperties) = preSolution
		HideSolutionNode = FALSE
	EndGlobalSection
	GlobalSection(ExtensibilityGlobals) = postSolution
		SolutionGuid = {824A4CF8-406F-4341-BDBE-016B12BC96AB}
	EndGlobalSection
EndGlobal
